// !$*UTF8*$!
{
	archiveVersion = 1;
	classes = {
	};
	objectVersion = 46;
	objects = {

/* Begin PBXBuildFile section */
		F20B19851C3312E300B37060 /* AppDelegate.swift in Sources */ = {isa = PBXBuildFile; fileRef = F20B19841C3312E300B37060 /* AppDelegate.swift */; };
		F20B19871C3312E300B37060 /* ViewController.swift in Sources */ = {isa = PBXBuildFile; fileRef = F20B19861C3312E300B37060 /* ViewController.swift */; };
		F20B198A1C3312E300B37060 /* Main.storyboard in Resources */ = {isa = PBXBuildFile; fileRef = F20B19881C3312E300B37060 /* Main.storyboard */; };
		F20B198C1C3312E300B37060 /* Assets.xcassets in Resources */ = {isa = PBXBuildFile; fileRef = F20B198B1C3312E300B37060 /* Assets.xcassets */; };
		F20B198F1C3312E300B37060 /* LaunchScreen.storyboard in Resources */ = {isa = PBXBuildFile; fileRef = F20B198D1C3312E300B37060 /* LaunchScreen.storyboard */; };
/* End PBXBuildFile section */

/* Begin PBXFileReference section */
		F20B19811C3312E300B37060 /* ResponderChainDemo.app */ = {isa = PBXFileReference; explicitFileType = wrapper.application; includeInIndex = 0; path = ResponderChainDemo.app; sourceTree = BUILT_PRODUCTS_DIR; };
		F20B19841C3312E300B37060 /* AppDelegate.swift */ = {isa = PBXFileReference; lastKnownFileType = sourcecode.swift; path = AppDelegate.swift; sourceTree = "<group>"; };
		F20B19861C3312E300B37060 /* ViewController.swift */ = {isa = PBXFileReference; lastKnownFileType = sourcecode.swift; path = ViewController.swift; sourceTree = "<group>"; };
		F20B19891C3312E300B37060 /* Base */ = {isa = PBXFileReference; lastKnownFileType = file.storyboard; name = Base; path = Base.lproj/Main.storyboard; sourceTree = "<group>"; };
		F20B198B1C3312E300B37060 /* Assets.xcassets */ = {isa = PBXFileReference; lastKnownFileType = folder.assetcatalog; path = Assets.xcassets; sourceTree = "<group>"; };
		F20B198E1C3312E300B37060 /* Base */ = {isa = PBXFileReference; lastKnownFileType = file.storyboard; name = Base; path = Base.lproj/LaunchScreen.storyboard; sourceTree = "<group>"; };
		F20B19901C3312E300B37060 /* Info.plist */ = {isa = PBXFileReference; lastKnownFileType = text.plist.xml; path = Info.plist; sourceTree = "<group>"; };
/* End PBXFileReference section */

/* Begin PBXFrameworksBuildPhase section */
		F20B197E1C3312E300B37060 /* Frameworks */ = {
			isa = PBXFrameworksBuildPhase;
			buildActionMask = 2147483647;
			files = (
			);
			runOnlyForDeploymentPostprocessing = 0;
		};
/* End PBXFrameworksBuildPhase section */

/* Begin PBXGroup section */
		F20B19781C3312E300B37060 = {
			isa = PBXGroup;
			children = (
				F20B19831C3312E300B37060 /* ResponderChainDemo */,
				F20B19821C3312E300B37060 /* Products */,
			);
			sourceTree = "<group>";
		};
		F20B19821C3312E300B37060 /* Products */ = {
			isa = PBXGroup;
			children = (
				F20B19811C3312E300B37060 /* ResponderChainDemo.app */,
			);
			name = Products;
			sourceTree = "<group>";
		};
		F20B19831C3312E300B37060 /* ResponderChainDemo */ = {
			isa = PBXGroup;
			children = (
				F20B19841C3312E300B37060 /* AppDelegate.swift */,
				F20B19861C3312E300B37060 /* ViewController.swift */,
				F20B19881C3312E300B37060 /* Main.storyboard */,
				F20B198B1C3312E300B37060 /* Assets.xcassets */,
				F20B198D1C3312E300B37060 /* LaunchScreen.storyboard */,
				F20B19901C3312E300B37060 /* Info.plist */,
			);
			path = ResponderChainDemo;
			sourceTree = "<group>";
		};
/* End PBXGroup section */

/* Begin PBXNativeTarget section */
		F20B19801C3312E300B37060 /* ResponderChainDemo */ = {
			isa = PBXNativeTarget;
			buildConfigurationList = F20B19931C3312E300B37060 /* Build configuration list for PBXNativeTarget "ResponderChainDemo" */;
			buildPhases = (
				F20B197D1C3312E300B37060 /* Sources */,
				F20B197E1C3312E300B37060 /* Frameworks */,
				F20B197F1C3312E300B37060 /* Resources */,
			);
			buildRules = (
			);
			dependencies = (
			);
			name = ResponderChainDemo;
			productName = ResponderChainDemo;
			productReference = F20B19811C3312E300B37060 /* ResponderChainDemo.app */;
			productType = "com.apple.product-type.application";
		};
/* End PBXNativeTarget section */

/* Begin PBXProject section */
		F20B19791C3312E300B37060 /* Project object */ = {
			isa = PBXProject;
			attributes = {
				LastSwiftUpdateCheck = 0710;
				LastUpgradeCheck = 0710;
				ORGANIZATIONNAME = "Dominik Hauser";
				TargetAttributes = {
					F20B19801C3312E300B37060 = {
						CreatedOnToolsVersion = 7.1.1;
					};
				};
			};
			buildConfigurationList = F20B197C1C3312E300B37060 /* Build configuration list for PBXProject "ResponderChainDemo" */;
			compatibilityVersion = "Xcode 3.2";
			developmentRegion = English;
			hasScannedForEncodings = 0;
			knownRegions = (
				en,
				Base,
			);
			mainGroup = F20B19781C3312E300B37060;
			productRefGroup = F20B19821C3312E300B37060 /* Products */;
			projectDirPath = "";
			projectRoot = "";
			targets = (
				F20B19801C3312E300B37060 /* ResponderChainDemo */,
			);
		};
/* End PBXProject section */

/* Begin PBXResourcesBuildPhase section */
		F20B197F1C3312E300B37060 /* Resources */ = {
			isa = PBXResourcesBuildPhase;
			buildActionMask = 2147483647;
			files = (
				F20B198F1C3312E300B37060 /* LaunchScreen.storyboard in Resources */,
				F20B198C1C3312E300B37060 /* Assets.xcassets in Resources */,
				F20B198A1C3312E300B37060 /* Main.storyboard in Resources */,
			);
			runOnlyForDeploymentPostprocessing = 0;
		};
/* End PBXResourcesBuildPhase section */

/* Begin PBXSourcesBuildPhase section */
		F20B197D1C3312E300B37060 /* Sources */ = {
			isa = PBXSourcesBuildPhase;
			buildActionMask = 2147483647;
			files = (
				F20B19871C3312E300B37060 /* ViewController.swift in Sources */,
				F20B19851C3312E300B37060 /* AppDelegate.swift in Sources */,
			);
			runOnlyForDeploymentPostprocessing = 0;
		};
/* End PBXSourcesBuildPhase section */

/* Begin PBXVariantGroup section */
		F20B19881C3312E300B37060 /* Main.storyboard */ = {
			isa = PBXVariantGroup;
			children = (
				F20B19891C3312E300B37060 /* Base */,
			);
			name = Main.storyboard;
			sourceTree = "<group>";
		};
		F20B198D1C3312E300B37060 /* LaunchScreen.storyboard */ = {
			isa = PBXVariantGroup;
			children = (
				F20B198E1C3312E300B37060 /* Base */,
			);
			name = LaunchScreen.storyboard;
			sourceTree = "<group>";
		};
/* End PBXVariantGroup section */

/* Begin XCBuildConfiguration section */
		F20B19911C3312E300B37060 /* Debug */ = {
			isa = XCBuildConfiguration;
			buildSettings = {
				ALWAYS_SEARCH_USER_PATHS = NO;
				CLANG_CXX_LANGUAGE_STANDARD = "gnu++0x";
				CLANG_CXX_LIBRARY = "libc++";
				CLANG_ENABLE_MODULES = YES;
				CLANG_ENABLE_OBJC_ARC = YES;
				CLANG_WARN_BOOL_CONVERSION = YES;
				CLANG_WARN_CONSTANT_CONVERSION = YES;
				CLANG_WARN_DIRECT_OBJC_ISA_USAGE = YES_ERROR;
				CLANG_WARN_EMPTY_BODY = YES;
				CLANG_WARN_ENUM_CONVERSION = YES;
				CLANG_WARN_INT_CONVERSION = YES;
				CLANG_WARN_OBJC_ROOT_CLASS = YES_ERROR;
				CLANG_WARN_UNREACHABLE_CODE = YES;
				CLANG_WARN__DUPLICATE_METHOD_MATCH = YES;
				"CODE_SIGN_IDENTITY[sdk=iphoneos*]" = "iPhone Developer";
				COPY_PHASE_STRIP = NO;
				DEBUG_INFORMATION_FORMAT = dwarf;
				ENABLE_STRICT_OBJC_MSGSEND = YES;
				ENABLE_TESTABILITY = YES;
				GCC_C_LANGUAGE_STANDARD = gnu99;
				GCC_DYNAMIC_NO_PIC = NO;
				GCC_NO_COMMON_BLOCKS = YES;
				GCC_OPTIMIZATION_LEVEL = 0;
				GCC_PREPROCESSOR_DEFINITIONS = (
					"DEBUG=1",
					"$(inherited)",
				);
				GCC_WARN_64_TO_32_BIT_CONVERSION = YES;
				GCC_WARN_ABOUT_RETURN_TYPE = YES_ERROR;
				GCC_WARN_UNDECLARED_SELECTOR = YES;
				GCC_WARN_UNINITIALIZED_AUTOS = YES_AGGRESSIVE;
				GCC_WARN_UNUSED_FUNCTION = YES;
				GCC_WARN_UNUSED_VARIABLE = YES;
				IPHONEOS_DEPLOYMENT_TARGET = 9.1;
				MTL_ENABLE_DEBUG_INFO = YES;
				ONLY_ACTIVE_ARCH = YES;
				SDKROOT = iphoneos;
				SWIFT_OPTIMIZATION_LEVEL = "-Onone";
			};
			name = Debug;
		};
		F20B19921C3312E300B37060 /* Release */ = {
			isa = XCBuildConfiguration;
			buildSettings = {
				ALWAYS_SEARCH_USER_PATHS = NO;
				CLANG_CXX_LANGUAGE_STANDARD = "gnu++0x";
				CLANG_CXX_LIBRARY = "libc++";
				CLANG_ENABLE_MODULES = YES;
				CLANG_ENABLE_OBJC_ARC = YES;
				CLANG_WARN_BOOL_CONVERSION = YES;
				CLANG_WARN_CONSTANT_CONVERSION = YES;
				CLANG_WARN_DIRECT_OBJC_ISA_USAGE = YES_ERROR;
				CLANG_WARN_EMPTY_BODY = YES;
				CLANG_WARN_ENUM_CONVERSION = YES;
				CLANG_WARN_INT_CONVERSION = YES;
				CLANG_WARN_OBJC_ROOT_CLASS = YES_ERROR;
				CLANG_WARN_UNREACHABLE_CODE = YES;
				CLANG_WARN__DUPLICATE_METHOD_MATCH = YES;
				"CODE_SIGN_IDENTITY[sdk=iphoneos*]" = "iPhone Developer";
				COPY_PHASE_STRIP = NO;
				DEBUG_INFORMATION_FORMAT = "dwarf-with-dsym";
				ENABLE_NS_ASSERTIONS = NO;
				ENABLE_STRICT_OBJC_MSGSEND = YES;
				GCC_C_LANGUAGE_STANDARD = gnu99;
				GCC_NO_COMMON_BLOCKS = YES;
				GCC_WARN_64_TO_32_BIT_CONVERSION = YES;
				GCC_WARN_ABOUT_RETURN_TYPE = YES_ERROR;
				GCC_WARN_UNDECLARED_SELECTOR = YES;
				GCC_WARN_UNINITIALIZED_AUTOS = YES_AGGRESSIVE;
				GCC_WARN_UNUSED_FUNCTION = YES;
				GCC_WARN_UNUSED_VARIABLE = YES;
				IPHONEOS_DEPLOYMENT_TARGET = 9.1;
				MTL_ENABLE_DEBUG_INFO = NO;
				SDKROOT = iphoneos;
				VALIDATE_PRODUCT = YES;
			};
			name = Release;
		};
		F20B19941C3312E300B37060 /* Debug */ = {
			isa = XCBuildConfiguration;
			buildSettings = {
				ASSETCATALOG_COMPILER_APPICON_NAME = AppIcon;
				INFOPLIST_FILE = ResponderChainDemo/Info.plist;
				LD_RUNPATH_SEARCH_PATHS = "$(inherited) @executable_path/Frameworks";
				PRODUCT_BUNDLE_IDENTIFIER = com.swiftandpainless.ResponderChainDemo;
				PRODUCT_NAME = "$(TARGET_NAME)";
			};
			name = Debug;
		};
		F20B19951C3312E300B37060 /* Release */ = {
			isa = XCBuildConfiguration;
			buildSettings = {
				ASSETCATALOG_COMPILER_APPICON_NAME = AppIcon;
				INFOPLIST_FILE = ResponderChainDemo/Info.plist;
				LD_RUNPATH_SEARCH_PATHS = "$(inherited) @executable_path/Frameworks";
				PRODUCT_BUNDLE_IDENTIFIER = com.swiftandpainless.ResponderChainDemo;
				PRODUCT_NAME = "$(TARGET_NAME)";
			};
			name = Release;
		};
/* End XCBuildConfiguration section */

/* Begin XCConfigurationList section */
		F20B197C1C3312E300B37060 /* Build configuration list for PBXProject "ResponderChainDemo" */ = {
			isa = XCConfigurationList;
			buildConfigurations = (
				F20B19911C3312E300B37060 /* Debug */,
				F20B19921C3312E300B37060 /* Release */,
			);
			defaultConfigurationIsVisible = 0;
			defaultConfigurationName = Release;
		};
		F20B19931C3312E300B37060 /* Build configuration list for PBXNativeTarget "ResponderChainDemo" */ = {
			isa = XCConfigurationList;
			buildConfigurations = (
				F20B19941C3312E300B37060 /* Debug */,
				F20B19951C3312E300B37060 /* Release */,
			);
			defaultConfigurationIsVisible = 0;
		};
/* End XCConfigurationList section */
	};
	rootObject = F20B19791C3312E300B37060 /* Project object */;
}
